// !$*UTF8*$!
{
	archiveVersion = 1;
	classes = {
	};
	objectVersion = 56;
	objects = {

/* Begin PBXBuildFile section */
		D025CF102BD03CE9007274D9 /* AppDelegate.swift in Sources */ = {isa = PBXBuildFile; fileRef = D025CF0F2BD03CE9007274D9 /* AppDelegate.swift */; };
		D025CF122BD03CE9007274D9 /* SceneDelegate.swift in Sources */ = {isa = PBXBuildFile; fileRef = D025CF112BD03CE9007274D9 /* SceneDelegate.swift */; };
		D025CF142BD03CE9007274D9 /* MainMenuViewController.swift in Sources */ = {isa = PBXBuildFile; fileRef = D025CF132BD03CE9007274D9 /* MainMenuViewController.swift */; };
		D025CF172BD03CE9007274D9 /* Base in Resources */ = {isa = PBXBuildFile; fileRef = D025CF162BD03CE9007274D9 /* Base */; };
		D025CF192BD03CEB007274D9 /* Assets.xcassets in Resources */ = {isa = PBXBuildFile; fileRef = D025CF182BD03CEB007274D9 /* Assets.xcassets */; };
		D025CF1C2BD03CEB007274D9 /* Base in Resources */ = {isa = PBXBuildFile; fileRef = D025CF1B2BD03CEB007274D9 /* Base */; };
		D025CF262BD041AE007274D9 /* SimpleHostedViewController.swift in Sources */ = {isa = PBXBuildFile; fileRef = D025CF252BD041AE007274D9 /* SimpleHostedViewController.swift */; };
		D025CF282BD041BC007274D9 /* HostingView.swift in Sources */ = {isa = PBXBuildFile; fileRef = D025CF272BD041BC007274D9 /* HostingView.swift */; };
		D025CF2B2BD04B5D007274D9 /* UserColorView.swift in Sources */ = {isa = PBXBuildFile; fileRef = D025CF2A2BD04B5D007274D9 /* UserColorView.swift */; };
		D025CF2D2BD04E37007274D9 /* DynamicSwiftUIViewController.swift in Sources */ = {isa = PBXBuildFile; fileRef = D025CF2C2BD04E37007274D9 /* DynamicSwiftUIViewController.swift */; };
		D025CF302BD0553B007274D9 /* UserColorView2.swift in Sources */ = {isa = PBXBuildFile; fileRef = D025CF2F2BD0553B007274D9 /* UserColorView2.swift */; };
		D025CF322BD0557F007274D9 /* DynamicSwiftUIObservableObjectController.swift in Sources */ = {isa = PBXBuildFile; fileRef = D025CF312BD0557F007274D9 /* DynamicSwiftUIObservableObjectController.swift */; };
		D025CF352BD055D1007274D9 /* IconPickerProvider.swift in Sources */ = {isa = PBXBuildFile; fileRef = D025CF342BD055D1007274D9 /* IconPickerProvider.swift */; };
		D025CF372BD055D9007274D9 /* ColorPickerProvider.swift in Sources */ = {isa = PBXBuildFile; fileRef = D025CF362BD055D9007274D9 /* ColorPickerProvider.swift */; };
		D025CF3A2BD05EAE007274D9 /* Perception in Frameworks */ = {isa = PBXBuildFile; productRef = D025CF392BD05EAE007274D9 /* Perception */; };
		D025CF422BD061EB007274D9 /* DynamicSwiftUIPerceptibleViewController.swift in Sources */ = {isa = PBXBuildFile; fileRef = D025CF412BD061EB007274D9 /* DynamicSwiftUIPerceptibleViewController.swift */; };
		D025CF442BD061F6007274D9 /* UserColorView3.swift in Sources */ = {isa = PBXBuildFile; fileRef = D025CF432BD061F6007274D9 /* UserColorView3.swift */; };
		D025CF492BD083F7007274D9 /* EmojiCollectionViewController.swift in Sources */ = {isa = PBXBuildFile; fileRef = D025CF482BD083F7007274D9 /* EmojiCollectionViewController.swift */; };
		D025CF4B2BD084A5007274D9 /* Emoji.swift in Sources */ = {isa = PBXBuildFile; fileRef = D025CF4A2BD084A5007274D9 /* Emoji.swift */; };
		D025CF4D2BD08564007274D9 /* EmojiData.swift in Sources */ = {isa = PBXBuildFile; fileRef = D025CF4C2BD08564007274D9 /* EmojiData.swift */; };
		D025CF502BD0859A007274D9 /* OrderedCollections in Frameworks */ = {isa = PBXBuildFile; productRef = D025CF4F2BD0859A007274D9 /* OrderedCollections */; };
		D025CF532BD0874E007274D9 /* SnapKit in Frameworks */ = {isa = PBXBuildFile; productRef = D025CF522BD0874E007274D9 /* SnapKit */; };
		D025CF5A2BD0A2D6007274D9 /* PopoverBackportViewController.swift in Sources */ = {isa = PBXBuildFile; fileRef = D025CF592BD0A2D6007274D9 /* PopoverBackportViewController.swift */; };
		D025CF5C2BD0A2E2007274D9 /* StockPopoverView.swift in Sources */ = {isa = PBXBuildFile; fileRef = D025CF5B2BD0A2E2007274D9 /* StockPopoverView.swift */; };
		D025CF5E2BD0A36F007274D9 /* EmojiBadgeView.swift in Sources */ = {isa = PBXBuildFile; fileRef = D025CF5D2BD0A36F007274D9 /* EmojiBadgeView.swift */; };
		D025CF602BD0A77C007274D9 /* StockPopoverViewController.swift in Sources */ = {isa = PBXBuildFile; fileRef = D025CF5F2BD0A77C007274D9 /* StockPopoverViewController.swift */; };
		D025CF622BD0A810007274D9 /* EmojiPopoverCollectionView.swift in Sources */ = {isa = PBXBuildFile; fileRef = D025CF612BD0A810007274D9 /* EmojiPopoverCollectionView.swift */; };
		D025CF642BD0AF5F007274D9 /* PopoverBackport.swift in Sources */ = {isa = PBXBuildFile; fileRef = D025CF632BD0AF5F007274D9 /* PopoverBackport.swift */; };
		D025CF662BD0AF8E007274D9 /* PopoverBackportView.swift in Sources */ = {isa = PBXBuildFile; fileRef = D025CF652BD0AF8E007274D9 /* PopoverBackportView.swift */; };
		D025CF6D2BD1AFBC007274D9 /* EmojiWiggleView.swift in Sources */ = {isa = PBXBuildFile; fileRef = D025CF6C2BD1AFBC007274D9 /* EmojiWiggleView.swift */; };
		D025CF702BD1B26D007274D9 /* MotionManager.swift in Sources */ = {isa = PBXBuildFile; fileRef = D025CF6F2BD1B26D007274D9 /* MotionManager.swift */; };
		D025CF722BD1B560007274D9 /* EmojiSelectionCollectionView.swift in Sources */ = {isa = PBXBuildFile; fileRef = D025CF712BD1B560007274D9 /* EmojiSelectionCollectionView.swift */; };
		D025CF762BD1B5A5007274D9 /* EmojiParallaxView.swift in Sources */ = {isa = PBXBuildFile; fileRef = D025CF752BD1B5A5007274D9 /* EmojiParallaxView.swift */; };
		D025CF782BD1B748007274D9 /* EmojiIntensifiesViewController.swift in Sources */ = {isa = PBXBuildFile; fileRef = D025CF772BD1B748007274D9 /* EmojiIntensifiesViewController.swift */; };
		D025CF7A2BD2E1DB007274D9 /* EmojiView.swift in Sources */ = {isa = PBXBuildFile; fileRef = D025CF792BD2E1DB007274D9 /* EmojiView.swift */; };
		D025CF7D2BD45DD4007274D9 /* ObservableRerenderTrackerViewController.swift in Sources */ = {isa = PBXBuildFile; fileRef = D025CF7C2BD45DD4007274D9 /* ObservableRerenderTrackerViewController.swift */; };
		D025CF812BD84F87007274D9 /* ObservableObjectRerenderTrackerViewController.swift in Sources */ = {isa = PBXBuildFile; fileRef = D025CF802BD84F87007274D9 /* ObservableObjectRerenderTrackerViewController.swift */; };
		D025CF852BD8576A007274D9 /* StateRerenderTrackerViewController.swift in Sources */ = {isa = PBXBuildFile; fileRef = D025CF842BD8576A007274D9 /* StateRerenderTrackerViewController.swift */; };
		D025CF882BD859A7007274D9 /* MultiViewStateRerenderTrackerViewController.swift in Sources */ = {isa = PBXBuildFile; fileRef = D025CF872BD859A7007274D9 /* MultiViewStateRerenderTrackerViewController.swift */; };
		D025CF8A2BD85B4C007274D9 /* MultiViewMixedStateRerenderTrackerVIewController.swift in Sources */ = {isa = PBXBuildFile; fileRef = D025CF892BD85B4C007274D9 /* MultiViewMixedStateRerenderTrackerVIewController.swift */; };
		D025CF8C2BD85E53007274D9 /* MultiViewStateRerenderWithUsedStateTrackerViewController.swift in Sources */ = {isa = PBXBuildFile; fileRef = D025CF8B2BD85E53007274D9 /* MultiViewStateRerenderWithUsedStateTrackerViewController.swift */; };
		D025CF8E2BD86600007274D9 /* MultiViewMixedStateWithEquatableRerenderTrackerViewController.swift in Sources */ = {isa = PBXBuildFile; fileRef = D025CF8D2BD86600007274D9 /* MultiViewMixedStateWithEquatableRerenderTrackerViewController.swift */; };
/* End PBXBuildFile section */

/* Begin PBXFileReference section */
		D025CF0C2BD03CE9007274D9 /* HostingSample.app */ = {isa = PBXFileReference; explicitFileType = wrapper.application; includeInIndex = 0; path = HostingSample.app; sourceTree = BUILT_PRODUCTS_DIR; };
		D025CF0F2BD03CE9007274D9 /* AppDelegate.swift */ = {isa = PBXFileReference; lastKnownFileType = sourcecode.swift; path = AppDelegate.swift; sourceTree = "<group>"; };
		D025CF112BD03CE9007274D9 /* SceneDelegate.swift */ = {isa = PBXFileReference; lastKnownFileType = sourcecode.swift; path = SceneDelegate.swift; sourceTree = "<group>"; };
		D025CF132BD03CE9007274D9 /* MainMenuViewController.swift */ = {isa = PBXFileReference; lastKnownFileType = sourcecode.swift; path = MainMenuViewController.swift; sourceTree = "<group>"; };
		D025CF162BD03CE9007274D9 /* Base */ = {isa = PBXFileReference; lastKnownFileType = file.storyboard; name = Base; path = Base.lproj/Main.storyboard; sourceTree = "<group>"; };
		D025CF182BD03CEB007274D9 /* Assets.xcassets */ = {isa = PBXFileReference; lastKnownFileType = folder.assetcatalog; path = Assets.xcassets; sourceTree = "<group>"; };
		D025CF1B2BD03CEB007274D9 /* Base */ = {isa = PBXFileReference; lastKnownFileType = file.storyboard; name = Base; path = Base.lproj/LaunchScreen.storyboard; sourceTree = "<group>"; };
		D025CF1D2BD03CEB007274D9 /* Info.plist */ = {isa = PBXFileReference; lastKnownFileType = text.plist.xml; path = Info.plist; sourceTree = "<group>"; };
		D025CF252BD041AE007274D9 /* SimpleHostedViewController.swift */ = {isa = PBXFileReference; lastKnownFileType = sourcecode.swift; path = SimpleHostedViewController.swift; sourceTree = "<group>"; };
		D025CF272BD041BC007274D9 /* HostingView.swift */ = {isa = PBXFileReference; lastKnownFileType = sourcecode.swift; path = HostingView.swift; sourceTree = "<group>"; };
		D025CF2A2BD04B5D007274D9 /* UserColorView.swift */ = {isa = PBXFileReference; lastKnownFileType = sourcecode.swift; path = UserColorView.swift; sourceTree = "<group>"; };
		D025CF2C2BD04E37007274D9 /* DynamicSwiftUIViewController.swift */ = {isa = PBXFileReference; lastKnownFileType = sourcecode.swift; path = DynamicSwiftUIViewController.swift; sourceTree = "<group>"; };
		D025CF2F2BD0553B007274D9 /* UserColorView2.swift */ = {isa = PBXFileReference; lastKnownFileType = sourcecode.swift; path = UserColorView2.swift; sourceTree = "<group>"; };
		D025CF312BD0557F007274D9 /* DynamicSwiftUIObservableObjectController.swift */ = {isa = PBXFileReference; lastKnownFileType = sourcecode.swift; path = DynamicSwiftUIObservableObjectController.swift; sourceTree = "<group>"; };
		D025CF342BD055D1007274D9 /* IconPickerProvider.swift */ = {isa = PBXFileReference; lastKnownFileType = sourcecode.swift; path = IconPickerProvider.swift; sourceTree = "<group>"; };
		D025CF362BD055D9007274D9 /* ColorPickerProvider.swift */ = {isa = PBXFileReference; lastKnownFileType = sourcecode.swift; path = ColorPickerProvider.swift; sourceTree = "<group>"; };
		D025CF412BD061EB007274D9 /* DynamicSwiftUIPerceptibleViewController.swift */ = {isa = PBXFileReference; lastKnownFileType = sourcecode.swift; path = DynamicSwiftUIPerceptibleViewController.swift; sourceTree = "<group>"; };
		D025CF432BD061F6007274D9 /* UserColorView3.swift */ = {isa = PBXFileReference; lastKnownFileType = sourcecode.swift; path = UserColorView3.swift; sourceTree = "<group>"; };
		D025CF482BD083F7007274D9 /* EmojiCollectionViewController.swift */ = {isa = PBXFileReference; lastKnownFileType = sourcecode.swift; path = EmojiCollectionViewController.swift; sourceTree = "<group>"; };
		D025CF4A2BD084A5007274D9 /* Emoji.swift */ = {isa = PBXFileReference; lastKnownFileType = sourcecode.swift; path = Emoji.swift; sourceTree = "<group>"; };
		D025CF4C2BD08564007274D9 /* EmojiData.swift */ = {isa = PBXFileReference; lastKnownFileType = sourcecode.swift; path = EmojiData.swift; sourceTree = "<group>"; };
		D025CF592BD0A2D6007274D9 /* PopoverBackportViewController.swift */ = {isa = PBXFileReference; lastKnownFileType = sourcecode.swift; path = PopoverBackportViewController.swift; sourceTree = "<group>"; };
		D025CF5B2BD0A2E2007274D9 /* StockPopoverView.swift */ = {isa = PBXFileReference; lastKnownFileType = sourcecode.swift; path = StockPopoverView.swift; sourceTree = "<group>"; };
		D025CF5D2BD0A36F007274D9 /* EmojiBadgeView.swift */ = {isa = PBXFileReference; lastKnownFileType = sourcecode.swift; path = EmojiBadgeView.swift; sourceTree = "<group>"; };
		D025CF5F2BD0A77C007274D9 /* StockPopoverViewController.swift */ = {isa = PBXFileReference; lastKnownFileType = sourcecode.swift; path = StockPopoverViewController.swift; sourceTree = "<group>"; };
		D025CF612BD0A810007274D9 /* EmojiPopoverCollectionView.swift */ = {isa = PBXFileReference; lastKnownFileType = sourcecode.swift; path = EmojiPopoverCollectionView.swift; sourceTree = "<group>"; };
		D025CF632BD0AF5F007274D9 /* PopoverBackport.swift */ = {isa = PBXFileReference; lastKnownFileType = sourcecode.swift; path = PopoverBackport.swift; sourceTree = "<group>"; };
		D025CF652BD0AF8E007274D9 /* PopoverBackportView.swift */ = {isa = PBXFileReference; lastKnownFileType = sourcecode.swift; path = PopoverBackportView.swift; sourceTree = "<group>"; };
		D025CF6C2BD1AFBC007274D9 /* EmojiWiggleView.swift */ = {isa = PBXFileReference; lastKnownFileType = sourcecode.swift; path = EmojiWiggleView.swift; sourceTree = "<group>"; };
		D025CF6F2BD1B26D007274D9 /* MotionManager.swift */ = {isa = PBXFileReference; lastKnownFileType = sourcecode.swift; path = MotionManager.swift; sourceTree = "<group>"; };
		D025CF712BD1B560007274D9 /* EmojiSelectionCollectionView.swift */ = {isa = PBXFileReference; lastKnownFileType = sourcecode.swift; path = EmojiSelectionCollectionView.swift; sourceTree = "<group>"; };
		D025CF752BD1B5A5007274D9 /* EmojiParallaxView.swift */ = {isa = PBXFileReference; lastKnownFileType = sourcecode.swift; path = EmojiParallaxView.swift; sourceTree = "<group>"; };
		D025CF772BD1B748007274D9 /* EmojiIntensifiesViewController.swift */ = {isa = PBXFileReference; lastKnownFileType = sourcecode.swift; path = EmojiIntensifiesViewController.swift; sourceTree = "<group>"; };
		D025CF792BD2E1DB007274D9 /* EmojiView.swift */ = {isa = PBXFileReference; lastKnownFileType = sourcecode.swift; path = EmojiView.swift; sourceTree = "<group>"; };
		D025CF7C2BD45DD4007274D9 /* ObservableRerenderTrackerViewController.swift */ = {isa = PBXFileReference; lastKnownFileType = sourcecode.swift; path = ObservableRerenderTrackerViewController.swift; sourceTree = "<group>"; };
		D025CF802BD84F87007274D9 /* ObservableObjectRerenderTrackerViewController.swift */ = {isa = PBXFileReference; lastKnownFileType = sourcecode.swift; path = ObservableObjectRerenderTrackerViewController.swift; sourceTree = "<group>"; };
		D025CF842BD8576A007274D9 /* StateRerenderTrackerViewController.swift */ = {isa = PBXFileReference; lastKnownFileType = sourcecode.swift; path = StateRerenderTrackerViewController.swift; sourceTree = "<group>"; };
		D025CF872BD859A7007274D9 /* MultiViewStateRerenderTrackerViewController.swift */ = {isa = PBXFileReference; lastKnownFileType = sourcecode.swift; path = MultiViewStateRerenderTrackerViewController.swift; sourceTree = "<group>"; };
		D025CF892BD85B4C007274D9 /* MultiViewMixedStateRerenderTrackerVIewController.swift */ = {isa = PBXFileReference; lastKnownFileType = sourcecode.swift; path = MultiViewMixedStateRerenderTrackerVIewController.swift; sourceTree = "<group>"; };
		D025CF8B2BD85E53007274D9 /* MultiViewStateRerenderWithUsedStateTrackerViewController.swift */ = {isa = PBXFileReference; lastKnownFileType = sourcecode.swift; path = MultiViewStateRerenderWithUsedStateTrackerViewController.swift; sourceTree = "<group>"; };
		D025CF8D2BD86600007274D9 /* MultiViewMixedStateWithEquatableRerenderTrackerViewController.swift */ = {isa = PBXFileReference; lastKnownFileType = sourcecode.swift; path = MultiViewMixedStateWithEquatableRerenderTrackerViewController.swift; sourceTree = "<group>"; };
/* End PBXFileReference section */

/* Begin PBXFrameworksBuildPhase section */
		D025CF092BD03CE9007274D9 /* Frameworks */ = {
			isa = PBXFrameworksBuildPhase;
			buildActionMask = 2147483647;
			files = (
				D025CF532BD0874E007274D9 /* SnapKit in Frameworks */,
				D025CF502BD0859A007274D9 /* OrderedCollections in Frameworks */,
				D025CF3A2BD05EAE007274D9 /* Perception in Frameworks */,
			);
			runOnlyForDeploymentPostprocessing = 0;
		};
/* End PBXFrameworksBuildPhase section */

/* Begin PBXGroup section */
		D025CF032BD03CE9007274D9 = {
			isa = PBXGroup;
			children = (
				D025CF0E2BD03CE9007274D9 /* HostingSample */,
				D025CF0D2BD03CE9007274D9 /* Products */,
			);
			sourceTree = "<group>";
		};
		D025CF0D2BD03CE9007274D9 /* Products */ = {
			isa = PBXGroup;
			children = (
				D025CF0C2BD03CE9007274D9 /* HostingSample.app */,
			);
			name = Products;
			sourceTree = "<group>";
		};
		D025CF0E2BD03CE9007274D9 /* HostingSample */ = {
			isa = PBXGroup;
			children = (
				D025CF0F2BD03CE9007274D9 /* AppDelegate.swift */,
				D025CF112BD03CE9007274D9 /* SceneDelegate.swift */,
				D025CF132BD03CE9007274D9 /* MainMenuViewController.swift */,
				D025CF232BD04188007274D9 /* Examples */,
				D025CF152BD03CE9007274D9 /* Main.storyboard */,
				D025CF182BD03CEB007274D9 /* Assets.xcassets */,
				D025CF1A2BD03CEB007274D9 /* LaunchScreen.storyboard */,
				D025CF1D2BD03CEB007274D9 /* Info.plist */,
				D025CF272BD041BC007274D9 /* HostingView.swift */,
			);
			path = HostingSample;
			sourceTree = "<group>";
		};
		D025CF232BD04188007274D9 /* Examples */ = {
			isa = PBXGroup;
			children = (
				D025CF452BD083CE007274D9 /* Basic */,
				D025CF472BD083E6007274D9 /* Emoji */,
				D025CF7B2BD45DBD007274D9 /* Render */,
			);
			path = Examples;
			sourceTree = "<group>";
		};
		D025CF242BD0419A007274D9 /* Static SwiftUI View Within a UIView */ = {
			isa = PBXGroup;
			children = (
				D025CF252BD041AE007274D9 /* SimpleHostedViewController.swift */,
			);
			path = "Static SwiftUI View Within a UIView";
			sourceTree = "<group>";
		};
		D025CF292BD04B34007274D9 /* ObservableMacro */ = {
			isa = PBXGroup;
			children = (
				D025CF2A2BD04B5D007274D9 /* UserColorView.swift */,
				D025CF2C2BD04E37007274D9 /* DynamicSwiftUIViewController.swift */,
			);
			path = ObservableMacro;
			sourceTree = "<group>";
		};
		D025CF2E2BD0551F007274D9 /* ObservableObject */ = {
			isa = PBXGroup;
			children = (
				D025CF2F2BD0553B007274D9 /* UserColorView2.swift */,
				D025CF312BD0557F007274D9 /* DynamicSwiftUIObservableObjectController.swift */,
			);
			path = ObservableObject;
			sourceTree = "<group>";
		};
		D025CF332BD055B8007274D9 /* Dynamic */ = {
			isa = PBXGroup;
			children = (
				D025CF402BD061D5007274D9 /* Perceptible */,
				D025CF2E2BD0551F007274D9 /* ObservableObject */,
				D025CF292BD04B34007274D9 /* ObservableMacro */,
				D025CF342BD055D1007274D9 /* IconPickerProvider.swift */,
				D025CF362BD055D9007274D9 /* ColorPickerProvider.swift */,
			);
			path = Dynamic;
			sourceTree = "<group>";
		};
		D025CF402BD061D5007274D9 /* Perceptible */ = {
			isa = PBXGroup;
			children = (
				D025CF412BD061EB007274D9 /* DynamicSwiftUIPerceptibleViewController.swift */,
				D025CF432BD061F6007274D9 /* UserColorView3.swift */,
			);
			path = Perceptible;
			sourceTree = "<group>";
		};
		D025CF452BD083CE007274D9 /* Basic */ = {
			isa = PBXGroup;
			children = (
				D025CF462BD083D8007274D9 /* Static */,
				D025CF332BD055B8007274D9 /* Dynamic */,
			);
			path = Basic;
			sourceTree = "<group>";
		};
		D025CF462BD083D8007274D9 /* Static */ = {
			isa = PBXGroup;
			children = (
				D025CF242BD0419A007274D9 /* Static SwiftUI View Within a UIView */,
			);
			path = Static;
			sourceTree = "<group>";
		};
		D025CF472BD083E6007274D9 /* Emoji */ = {
			isa = PBXGroup;
			children = (
				D025CF6E2BD1B25F007274D9 /* EmojiParallax */,
				D025CF542BD0A171007274D9 /* Inline Popover */,
				D025CF482BD083F7007274D9 /* EmojiCollectionViewController.swift */,
				D025CF4A2BD084A5007274D9 /* Emoji.swift */,
				D025CF4C2BD08564007274D9 /* EmojiData.swift */,
				D025CF792BD2E1DB007274D9 /* EmojiView.swift */,
			);
			path = Emoji;
			sourceTree = "<group>";
		};
		D025CF542BD0A171007274D9 /* Inline Popover */ = {
			isa = PBXGroup;
			children = (
				D025CF612BD0A810007274D9 /* EmojiPopoverCollectionView.swift */,
				D025CF572BD0A19A007274D9 /* Backport */,
				D025CF562BD0A193007274D9 /* Stock */,
				D025CF5D2BD0A36F007274D9 /* EmojiBadgeView.swift */,
			);
			path = "Inline Popover";
			sourceTree = "<group>";
		};
		D025CF562BD0A193007274D9 /* Stock */ = {
			isa = PBXGroup;
			children = (
				D025CF5B2BD0A2E2007274D9 /* StockPopoverView.swift */,
				D025CF5F2BD0A77C007274D9 /* StockPopoverViewController.swift */,
			);
			path = Stock;
			sourceTree = "<group>";
		};
		D025CF572BD0A19A007274D9 /* Backport */ = {
			isa = PBXGroup;
			children = (
				D025CF592BD0A2D6007274D9 /* PopoverBackportViewController.swift */,
				D025CF632BD0AF5F007274D9 /* PopoverBackport.swift */,
				D025CF652BD0AF8E007274D9 /* PopoverBackportView.swift */,
			);
			path = Backport;
			sourceTree = "<group>";
		};
		D025CF6E2BD1B25F007274D9 /* EmojiParallax */ = {
			isa = PBXGroup;
			children = (
				D025CF6C2BD1AFBC007274D9 /* EmojiWiggleView.swift */,
				D025CF6F2BD1B26D007274D9 /* MotionManager.swift */,
				D025CF712BD1B560007274D9 /* EmojiSelectionCollectionView.swift */,
				D025CF752BD1B5A5007274D9 /* EmojiParallaxView.swift */,
				D025CF772BD1B748007274D9 /* EmojiIntensifiesViewController.swift */,
			);
			path = EmojiParallax;
			sourceTree = "<group>";
		};
		D025CF7B2BD45DBD007274D9 /* Render */ = {
			isa = PBXGroup;
			children = (
				D025CF822BD85710007274D9 /* Single-View */,
				D025CF862BD85994007274D9 /* Multi-View */,
			);
			path = Render;
			sourceTree = "<group>";
		};
		D025CF822BD85710007274D9 /* Single-View */ = {
			isa = PBXGroup;
			children = (
				D025CF842BD8576A007274D9 /* StateRerenderTrackerViewController.swift */,
				D025CF7C2BD45DD4007274D9 /* ObservableRerenderTrackerViewController.swift */,
				D025CF802BD84F87007274D9 /* ObservableObjectRerenderTrackerViewController.swift */,
			);
			path = "Single-View";
			sourceTree = "<group>";
		};
		D025CF862BD85994007274D9 /* Multi-View */ = {
			isa = PBXGroup;
			children = (
				D025CF872BD859A7007274D9 /* MultiViewStateRerenderTrackerViewController.swift */,
				D025CF892BD85B4C007274D9 /* MultiViewMixedStateRerenderTrackerVIewController.swift */,
				D025CF8B2BD85E53007274D9 /* MultiViewStateRerenderWithUsedStateTrackerViewController.swift */,
				D025CF8D2BD86600007274D9 /* MultiViewMixedStateWithEquatableRerenderTrackerViewController.swift */,
			);
			path = "Multi-View";
			sourceTree = "<group>";
		};
/* End PBXGroup section */

/* Begin PBXNativeTarget section */
		D025CF0B2BD03CE9007274D9 /* HostingSample */ = {
			isa = PBXNativeTarget;
			buildConfigurationList = D025CF202BD03CEB007274D9 /* Build configuration list for PBXNativeTarget "HostingSample" */;
			buildPhases = (
				D025CF082BD03CE9007274D9 /* Sources */,
				D025CF092BD03CE9007274D9 /* Frameworks */,
				D025CF0A2BD03CE9007274D9 /* Resources */,
			);
			buildRules = (
			);
			dependencies = (
			);
			name = HostingSample;
			packageProductDependencies = (
				D025CF392BD05EAE007274D9 /* Perception */,
				D025CF4F2BD0859A007274D9 /* OrderedCollections */,
				D025CF522BD0874E007274D9 /* SnapKit */,
			);
			productName = HostingSample;
			productReference = D025CF0C2BD03CE9007274D9 /* HostingSample.app */;
			productType = "com.apple.product-type.application";
		};
/* End PBXNativeTarget section */

/* Begin PBXProject section */
		D025CF042BD03CE9007274D9 /* Project object */ = {
			isa = PBXProject;
			attributes = {
				BuildIndependentTargetsInParallel = 1;
				LastSwiftUpdateCheck = 1530;
				LastUpgradeCheck = 1530;
				TargetAttributes = {
					D025CF0B2BD03CE9007274D9 = {
						CreatedOnToolsVersion = 15.3;
					};
				};
			};
			buildConfigurationList = D025CF072BD03CE9007274D9 /* Build configuration list for PBXProject "HostingSample" */;
			compatibilityVersion = "Xcode 14.0";
			developmentRegion = en;
			hasScannedForEncodings = 0;
			knownRegions = (
				en,
				Base,
			);
			mainGroup = D025CF032BD03CE9007274D9;
			packageReferences = (
				D025CF382BD05EAE007274D9 /* XCRemoteSwiftPackageReference "swift-perception" */,
				D025CF4E2BD0859A007274D9 /* XCRemoteSwiftPackageReference "swift-collections" */,
				D025CF512BD0874E007274D9 /* XCRemoteSwiftPackageReference "SnapKit" */,
			);
			productRefGroup = D025CF0D2BD03CE9007274D9 /* Products */;
			projectDirPath = "";
			projectRoot = "";
			targets = (
				D025CF0B2BD03CE9007274D9 /* HostingSample */,
			);
		};
/* End PBXProject section */

/* Begin PBXResourcesBuildPhase section */
		D025CF0A2BD03CE9007274D9 /* Resources */ = {
			isa = PBXResourcesBuildPhase;
			buildActionMask = 2147483647;
			files = (
				D025CF192BD03CEB007274D9 /* Assets.xcassets in Resources */,
				D025CF1C2BD03CEB007274D9 /* Base in Resources */,
				D025CF172BD03CE9007274D9 /* Base in Resources */,
			);
			runOnlyForDeploymentPostprocessing = 0;
		};
/* End PBXResourcesBuildPhase section */

/* Begin PBXSourcesBuildPhase section */
		D025CF082BD03CE9007274D9 /* Sources */ = {
			isa = PBXSourcesBuildPhase;
			buildActionMask = 2147483647;
			files = (
				D025CF7D2BD45DD4007274D9 /* ObservableRerenderTrackerViewController.swift in Sources */,
				D025CF8A2BD85B4C007274D9 /* MultiViewMixedStateRerenderTrackerVIewController.swift in Sources */,
				D025CF812BD84F87007274D9 /* ObservableObjectRerenderTrackerViewController.swift in Sources */,
				D025CF4B2BD084A5007274D9 /* Emoji.swift in Sources */,
				D025CF142BD03CE9007274D9 /* MainMenuViewController.swift in Sources */,
				D025CF102BD03CE9007274D9 /* AppDelegate.swift in Sources */,
				D025CF8C2BD85E53007274D9 /* MultiViewStateRerenderWithUsedStateTrackerViewController.swift in Sources */,
				D025CF762BD1B5A5007274D9 /* EmojiParallaxView.swift in Sources */,
				D025CF422BD061EB007274D9 /* DynamicSwiftUIPerceptibleViewController.swift in Sources */,
				D025CF352BD055D1007274D9 /* IconPickerProvider.swift in Sources */,
				D025CF642BD0AF5F007274D9 /* PopoverBackport.swift in Sources */,
				D025CF722BD1B560007274D9 /* EmojiSelectionCollectionView.swift in Sources */,
				D025CF852BD8576A007274D9 /* StateRerenderTrackerViewController.swift in Sources */,
				D025CF302BD0553B007274D9 /* UserColorView2.swift in Sources */,
				D025CF372BD055D9007274D9 /* ColorPickerProvider.swift in Sources */,
				D025CF492BD083F7007274D9 /* EmojiCollectionViewController.swift in Sources */,
				D025CF4D2BD08564007274D9 /* EmojiData.swift in Sources */,
				D025CF322BD0557F007274D9 /* DynamicSwiftUIObservableObjectController.swift in Sources */,
				D025CF8E2BD86600007274D9 /* MultiViewMixedStateWithEquatableRerenderTrackerViewController.swift in Sources */,
				D025CF702BD1B26D007274D9 /* MotionManager.swift in Sources */,
				D025CF5A2BD0A2D6007274D9 /* PopoverBackportViewController.swift in Sources */,
				D025CF442BD061F6007274D9 /* UserColorView3.swift in Sources */,
				D025CF262BD041AE007274D9 /* SimpleHostedViewController.swift in Sources */,
				D025CF6D2BD1AFBC007274D9 /* EmojiWiggleView.swift in Sources */,
				D025CF5E2BD0A36F007274D9 /* EmojiBadgeView.swift in Sources */,
				D025CF782BD1B748007274D9 /* EmojiIntensifiesViewController.swift in Sources */,
				D025CF602BD0A77C007274D9 /* StockPopoverViewController.swift in Sources */,
				D025CF2D2BD04E37007274D9 /* DynamicSwiftUIViewController.swift in Sources */,
				D025CF5C2BD0A2E2007274D9 /* StockPopoverView.swift in Sources */,
				D025CF882BD859A7007274D9 /* MultiViewStateRerenderTrackerViewController.swift in Sources */,
				D025CF2B2BD04B5D007274D9 /* UserColorView.swift in Sources */,
				D025CF7A2BD2E1DB007274D9 /* EmojiView.swift in Sources */,
				D025CF622BD0A810007274D9 /* EmojiPopoverCollectionView.swift in Sources */,
				D025CF282BD041BC007274D9 /* HostingView.swift in Sources */,
				D025CF122BD03CE9007274D9 /* SceneDelegate.swift in Sources */,
				D025CF662BD0AF8E007274D9 /* PopoverBackportView.swift in Sources */,
			);
			runOnlyForDeploymentPostprocessing = 0;
		};
/* End PBXSourcesBuildPhase section */

/* Begin PBXVariantGroup section */
		D025CF152BD03CE9007274D9 /* Main.storyboard */ = {
			isa = PBXVariantGroup;
			children = (
				D025CF162BD03CE9007274D9 /* Base */,
			);
			name = Main.storyboard;
			sourceTree = "<group>";
		};
		D025CF1A2BD03CEB007274D9 /* LaunchScreen.storyboard */ = {
			isa = PBXVariantGroup;
			children = (
				D025CF1B2BD03CEB007274D9 /* Base */,
			);
			name = LaunchScreen.storyboard;
			sourceTree = "<group>";
		};
/* End PBXVariantGroup section */

/* Begin XCBuildConfiguration section */
		D025CF1E2BD03CEB007274D9 /* Debug */ = {
			isa = XCBuildConfiguration;
			buildSettings = {
				ALWAYS_SEARCH_USER_PATHS = NO;
				ASSETCATALOG_COMPILER_GENERATE_SWIFT_ASSET_SYMBOL_EXTENSIONS = YES;
				CLANG_ANALYZER_NONNULL = YES;
				CLANG_ANALYZER_NUMBER_OBJECT_CONVERSION = YES_AGGRESSIVE;
				CLANG_CXX_LANGUAGE_STANDARD = "gnu++20";
				CLANG_ENABLE_MODULES = YES;
				CLANG_ENABLE_OBJC_ARC = YES;
				CLANG_ENABLE_OBJC_WEAK = YES;
				CLANG_WARN_BLOCK_CAPTURE_AUTORELEASING = YES;
				CLANG_WARN_BOOL_CONVERSION = YES;
				CLANG_WARN_COMMA = YES;
				CLANG_WARN_CONSTANT_CONVERSION = YES;
				CLANG_WARN_DEPRECATED_OBJC_IMPLEMENTATIONS = YES;
				CLANG_WARN_DIRECT_OBJC_ISA_USAGE = YES_ERROR;
				CLANG_WARN_DOCUMENTATION_COMMENTS = YES;
				CLANG_WARN_EMPTY_BODY = YES;
				CLANG_WARN_ENUM_CONVERSION = YES;
				CLANG_WARN_INFINITE_RECURSION = YES;
				CLANG_WARN_INT_CONVERSION = YES;
				CLANG_WARN_NON_LITERAL_NULL_CONVERSION = YES;
				CLANG_WARN_OBJC_IMPLICIT_RETAIN_SELF = YES;
				CLANG_WARN_OBJC_LITERAL_CONVERSION = YES;
				CLANG_WARN_OBJC_ROOT_CLASS = YES_ERROR;
				CLANG_WARN_QUOTED_INCLUDE_IN_FRAMEWORK_HEADER = YES;
				CLANG_WARN_RANGE_LOOP_ANALYSIS = YES;
				CLANG_WARN_STRICT_PROTOTYPES = YES;
				CLANG_WARN_SUSPICIOUS_MOVE = YES;
				CLANG_WARN_UNGUARDED_AVAILABILITY = YES_AGGRESSIVE;
				CLANG_WARN_UNREACHABLE_CODE = YES;
				CLANG_WARN__DUPLICATE_METHOD_MATCH = YES;
				COPY_PHASE_STRIP = NO;
				DEBUG_INFORMATION_FORMAT = dwarf;
				ENABLE_STRICT_OBJC_MSGSEND = YES;
				ENABLE_TESTABILITY = YES;
				ENABLE_USER_SCRIPT_SANDBOXING = YES;
				GCC_C_LANGUAGE_STANDARD = gnu17;
				GCC_DYNAMIC_NO_PIC = NO;
				GCC_NO_COMMON_BLOCKS = YES;
				GCC_OPTIMIZATION_LEVEL = 0;
				GCC_PREPROCESSOR_DEFINITIONS = (
					"DEBUG=1",
					"$(inherited)",
				);
				GCC_WARN_64_TO_32_BIT_CONVERSION = YES;
				GCC_WARN_ABOUT_RETURN_TYPE = YES_ERROR;
				GCC_WARN_UNDECLARED_SELECTOR = YES;
				GCC_WARN_UNINITIALIZED_AUTOS = YES_AGGRESSIVE;
				GCC_WARN_UNUSED_FUNCTION = YES;
				GCC_WARN_UNUSED_VARIABLE = YES;
				IPHONEOS_DEPLOYMENT_TARGET = 17.4;
				LOCALIZATION_PREFERS_STRING_CATALOGS = YES;
				MTL_ENABLE_DEBUG_INFO = INCLUDE_SOURCE;
				MTL_FAST_MATH = YES;
				ONLY_ACTIVE_ARCH = YES;
				SDKROOT = iphoneos;
				SWIFT_ACTIVE_COMPILATION_CONDITIONS = "DEBUG $(inherited)";
				SWIFT_OPTIMIZATION_LEVEL = "-Onone";
			};
			name = Debug;
		};
		D025CF1F2BD03CEB007274D9 /* Release */ = {
			isa = XCBuildConfiguration;
			buildSettings = {
				ALWAYS_SEARCH_USER_PATHS = NO;
				ASSETCATALOG_COMPILER_GENERATE_SWIFT_ASSET_SYMBOL_EXTENSIONS = YES;
				CLANG_ANALYZER_NONNULL = YES;
				CLANG_ANALYZER_NUMBER_OBJECT_CONVERSION = YES_AGGRESSIVE;
				CLANG_CXX_LANGUAGE_STANDARD = "gnu++20";
				CLANG_ENABLE_MODULES = YES;
				CLANG_ENABLE_OBJC_ARC = YES;
				CLANG_ENABLE_OBJC_WEAK = YES;
				CLANG_WARN_BLOCK_CAPTURE_AUTORELEASING = YES;
				CLANG_WARN_BOOL_CONVERSION = YES;
				CLANG_WARN_COMMA = YES;
				CLANG_WARN_CONSTANT_CONVERSION = YES;
				CLANG_WARN_DEPRECATED_OBJC_IMPLEMENTATIONS = YES;
				CLANG_WARN_DIRECT_OBJC_ISA_USAGE = YES_ERROR;
				CLANG_WARN_DOCUMENTATION_COMMENTS = YES;
				CLANG_WARN_EMPTY_BODY = YES;
				CLANG_WARN_ENUM_CONVERSION = YES;
				CLANG_WARN_INFINITE_RECURSION = YES;
				CLANG_WARN_INT_CONVERSION = YES;
				CLANG_WARN_NON_LITERAL_NULL_CONVERSION = YES;
				CLANG_WARN_OBJC_IMPLICIT_RETAIN_SELF = YES;
				CLANG_WARN_OBJC_LITERAL_CONVERSION = YES;
				CLANG_WARN_OBJC_ROOT_CLASS = YES_ERROR;
				CLANG_WARN_QUOTED_INCLUDE_IN_FRAMEWORK_HEADER = YES;
				CLANG_WARN_RANGE_LOOP_ANALYSIS = YES;
				CLANG_WARN_STRICT_PROTOTYPES = YES;
				CLANG_WARN_SUSPICIOUS_MOVE = YES;
				CLANG_WARN_UNGUARDED_AVAILABILITY = YES_AGGRESSIVE;
				CLANG_WARN_UNREACHABLE_CODE = YES;
				CLANG_WARN__DUPLICATE_METHOD_MATCH = YES;
				COPY_PHASE_STRIP = NO;
				DEBUG_INFORMATION_FORMAT = "dwarf-with-dsym";
				ENABLE_NS_ASSERTIONS = NO;
				ENABLE_STRICT_OBJC_MSGSEND = YES;
				ENABLE_USER_SCRIPT_SANDBOXING = YES;
				GCC_C_LANGUAGE_STANDARD = gnu17;
				GCC_NO_COMMON_BLOCKS = YES;
				GCC_WARN_64_TO_32_BIT_CONVERSION = YES;
				GCC_WARN_ABOUT_RETURN_TYPE = YES_ERROR;
				GCC_WARN_UNDECLARED_SELECTOR = YES;
				GCC_WARN_UNINITIALIZED_AUTOS = YES_AGGRESSIVE;
				GCC_WARN_UNUSED_FUNCTION = YES;
				GCC_WARN_UNUSED_VARIABLE = YES;
				IPHONEOS_DEPLOYMENT_TARGET = 17.4;
				LOCALIZATION_PREFERS_STRING_CATALOGS = YES;
				MTL_ENABLE_DEBUG_INFO = NO;
				MTL_FAST_MATH = YES;
				SDKROOT = iphoneos;
				SWIFT_COMPILATION_MODE = wholemodule;
				VALIDATE_PRODUCT = YES;
			};
			name = Release;
		};
		D025CF212BD03CEB007274D9 /* Debug */ = {
			isa = XCBuildConfiguration;
			buildSettings = {
				ASSETCATALOG_COMPILER_APPICON_NAME = AppIcon;
				ASSETCATALOG_COMPILER_GLOBAL_ACCENT_COLOR_NAME = AccentColor;
				CODE_SIGN_STYLE = Automatic;
				CURRENT_PROJECT_VERSION = 1;
				DEVELOPMENT_TEAM = F4H8GRP7M4;
				GENERATE_INFOPLIST_FILE = YES;
				INFOPLIST_FILE = HostingSample/Info.plist;
				INFOPLIST_KEY_UIApplicationSupportsIndirectInputEvents = YES;
				INFOPLIST_KEY_UILaunchStoryboardName = LaunchScreen;
				INFOPLIST_KEY_UIMainStoryboardFile = Main;
				INFOPLIST_KEY_UISupportedInterfaceOrientations_iPad = "UIInterfaceOrientationPortrait UIInterfaceOrientationPortraitUpsideDown UIInterfaceOrientationLandscapeLeft UIInterfaceOrientationLandscapeRight";
				INFOPLIST_KEY_UISupportedInterfaceOrientations_iPhone = "UIInterfaceOrientationPortrait UIInterfaceOrientationLandscapeLeft UIInterfaceOrientationLandscapeRight";
				LD_RUNPATH_SEARCH_PATHS = (
					"$(inherited)",
					"@executable_path/Frameworks",
				);
				MARKETING_VERSION = 1.0;
				PRODUCT_BUNDLE_IDENTIFIER = "org.iron-ham.HostingSample";
				PRODUCT_NAME = "$(TARGET_NAME)";
				SWIFT_EMIT_LOC_STRINGS = YES;
				SWIFT_VERSION = 5.0;
				TARGETED_DEVICE_FAMILY = "1,2";
			};
			name = Debug;
		};
		D025CF222BD03CEB007274D9 /* Release */ = {
			isa = XCBuildConfiguration;
			buildSettings = {
				ASSETCATALOG_COMPILER_APPICON_NAME = AppIcon;
				ASSETCATALOG_COMPILER_GLOBAL_ACCENT_COLOR_NAME = AccentColor;
				CODE_SIGN_STYLE = Automatic;
				CURRENT_PROJECT_VERSION = 1;
				DEVELOPMENT_TEAM = F4H8GRP7M4;
				GENERATE_INFOPLIST_FILE = YES;
				INFOPLIST_FILE = HostingSample/Info.plist;
				INFOPLIST_KEY_UIApplicationSupportsIndirectInputEvents = YES;
				INFOPLIST_KEY_UILaunchStoryboardName = LaunchScreen;
				INFOPLIST_KEY_UIMainStoryboardFile = Main;
				INFOPLIST_KEY_UISupportedInterfaceOrientations_iPad = "UIInterfaceOrientationPortrait UIInterfaceOrientationPortraitUpsideDown UIInterfaceOrientationLandscapeLeft UIInterfaceOrientationLandscapeRight";
				INFOPLIST_KEY_UISupportedInterfaceOrientations_iPhone = "UIInterfaceOrientationPortrait UIInterfaceOrientationLandscapeLeft UIInterfaceOrientationLandscapeRight";
				LD_RUNPATH_SEARCH_PATHS = (
					"$(inherited)",
					"@executable_path/Frameworks",
				);
				MARKETING_VERSION = 1.0;
				PRODUCT_BUNDLE_IDENTIFIER = "org.iron-ham.HostingSample";
				PRODUCT_NAME = "$(TARGET_NAME)";
				SWIFT_EMIT_LOC_STRINGS = YES;
				SWIFT_VERSION = 5.0;
				TARGETED_DEVICE_FAMILY = "1,2";
			};
			name = Release;
		};
/* End XCBuildConfiguration section */

/* Begin XCConfigurationList section */
		D025CF072BD03CE9007274D9 /* Build configuration list for PBXProject "HostingSample" */ = {
			isa = XCConfigurationList;
			buildConfigurations = (
				D025CF1E2BD03CEB007274D9 /* Debug */,
				D025CF1F2BD03CEB007274D9 /* Release */,
			);
			defaultConfigurationIsVisible = 0;
			defaultConfigurationName = Release;
		};
		D025CF202BD03CEB007274D9 /* Build configuration list for PBXNativeTarget "HostingSample" */ = {
			isa = XCConfigurationList;
			buildConfigurations = (
				D025CF212BD03CEB007274D9 /* Debug */,
				D025CF222BD03CEB007274D9 /* Release */,
			);
			defaultConfigurationIsVisible = 0;
			defaultConfigurationName = Release;
		};
/* End XCConfigurationList section */

/* Begin XCRemoteSwiftPackageReference section */
		D025CF382BD05EAE007274D9 /* XCRemoteSwiftPackageReference "swift-perception" */ = {
			isa = XCRemoteSwiftPackageReference;
			repositoryURL = "https://github.com/pointfreeco/swift-perception";
			requirement = {
				kind = upToNextMajorVersion;
				minimumVersion = 1.1.5;
			};
		};
		D025CF4E2BD0859A007274D9 /* XCRemoteSwiftPackageReference "swift-collections" */ = {
			isa = XCRemoteSwiftPackageReference;
			repositoryURL = "https://github.com/apple/swift-collections";
			requirement = {
				kind = upToNextMajorVersion;
				minimumVersion = 1.1.0;
			};
		};
		D025CF512BD0874E007274D9 /* XCRemoteSwiftPackageReference "SnapKit" */ = {
			isa = XCRemoteSwiftPackageReference;
			repositoryURL = "https://github.com/SnapKit/SnapKit";
			requirement = {
				kind = upToNextMajorVersion;
				minimumVersion = 5.7.1;
			};
		};
/* End XCRemoteSwiftPackageReference section */

/* Begin XCSwiftPackageProductDependency section */
		D025CF392BD05EAE007274D9 /* Perception */ = {
			isa = XCSwiftPackageProductDependency;
			package = D025CF382BD05EAE007274D9 /* XCRemoteSwiftPackageReference "swift-perception" */;
			productName = Perception;
		};
		D025CF4F2BD0859A007274D9 /* OrderedCollections */ = {
			isa = XCSwiftPackageProductDependency;
			package = D025CF4E2BD0859A007274D9 /* XCRemoteSwiftPackageReference "swift-collections" */;
			productName = OrderedCollections;
		};
		D025CF522BD0874E007274D9 /* SnapKit */ = {
			isa = XCSwiftPackageProductDependency;
			package = D025CF512BD0874E007274D9 /* XCRemoteSwiftPackageReference "SnapKit" */;
			productName = SnapKit;
		};
/* End XCSwiftPackageProductDependency section */
	};
	rootObject = D025CF042BD03CE9007274D9 /* Project object */;
}
